
Microsoft Visual Studio Solution File, Format Version 12.00
# Visual Studio Version 17
VisualStudioVersion = 17.2.32616.157
MinimumVisualStudioVersion = 10.0.40219.1
Project("{FAE04EC0-301F-11D3-BF4B-00C04F79EFBC}") = "pipeline", "pipeline\pipeline.csproj", "{BA97E50C-F8E9-45FE-B878-6E2C2AE10FF2}"
EndProject
Global
	GlobalSection(SolutionConfigurationPlatforms) = preSolution
		Debug|Any CPU = Debug|Any CPU
		Release|Any CPU = Release|Any CPU
	EndGlobalSection
	GlobalSection(ProjectConfigurationPlatforms) = postSolution
		{BA97E50C-F8E9-45FE-B878-6E2C2AE10FF2}.Debug|Any CPU.ActiveCfg = Debug|Any CPU
		{BA97E50C-F8E9-45FE-B878-6E2C2AE10FF2}.Debug|Any CPU.Build.0 = Debug|Any CPU
		{BA97E50C-F8E9-45FE-B878-6E2C2AE10FF2}.Release|Any CPU.ActiveCfg = Release|Any CPU
		{BA97E50C-F8E9-45FE-B878-6E2C2AE10FF2}.Release|Any CPU.Build.0 = Release|Any CPU
	EndGlobalSection
	GlobalSection(SolutionProperties) = preSolution
		HideSolutionNode = FALSE
	EndGlobalSection
	GlobalSection(ExtensibilityGlobals) = postSolution
		SolutionGuid = {09FC6407-DBB4-4115-AE7D-5BA8F791AEBB}
	EndGlobalSection
EndGlobal
